<?xml version="1.0" encoding="utf-8"?>
<Project ToolsVersion="4.0" xmlns="http://schemas.microsoft.com/developer/msbuild/2003">
  <ItemGroup>
    <Filter Include="Source">
      <UniqueIdentifier>{bcc2696d-d367-4e21-937c-542bb9be1782}</UniqueIdentifier>
    </Filter>
    <Filter Include="Headers">
      <UniqueIdentifier>{5fbfa2f7-221a-4c6b-93ce-a5ed4ee43e7f}</UniqueIdentifier>
    </Filter>
  </ItemGroup>
  <ItemGroup>
    <ClCompile Include="src\main.cpp">
      <Filter>Source</Filter>
    </ClCompile>
    <ClCompile Include="src\AppConfig.cpp">
      <Filter>Source</Filter>
    </ClCompile>
    <ClCompile Include="src\Image.cpp">
      <Filter>Source</Filter>
    </ClCompile>
  </ItemGroup>
  <ItemGroup>
    <ClInclude Include="src\AppConfig.h">
      <Filter>Headers</Filter>
    </ClInclude>
    <ClInclude Include="src\Image.h">
      <Filter>Headers</Filter>
    </ClInclude>
  </ItemGroup>
</Project>